// !$*UTF8*$!
{
	archiveVersion = 1;
	classes = {
	};
	objectVersion = 55;
	objects = {

/* Begin PBXBuildFile section */
		1599D2152752ED1900A2330B /* Algorithms in Frameworks */ = {isa = PBXBuildFile; productRef = 1599D2142752ED1900A2330B /* Algorithms */; };
		1599D21D2752F23800A2330B /* StockCharts in Frameworks */ = {isa = PBXBuildFile; productRef = 1599D21C2752F23800A2330B /* StockCharts */; };
		1599D22227539D7700A2330B /* VoteView.swift in Sources */ = {isa = PBXBuildFile; fileRef = 1599D22127539D7700A2330B /* VoteView.swift */; };
		1599D22427539DE200A2330B /* TabRootView.swift in Sources */ = {isa = PBXBuildFile; fileRef = 1599D22327539DE200A2330B /* TabRootView.swift */; };
		1599D22627539E8200A2330B /* CandidatsView.swift in Sources */ = {isa = PBXBuildFile; fileRef = 1599D22527539E8200A2330B /* CandidatsView.swift */; };
		1599D22827539EBA00A2330B /* StatsView.swift in Sources */ = {isa = PBXBuildFile; fileRef = 1599D22727539EBA00A2330B /* StatsView.swift */; };
		1599D22B27539F3C00A2330B /* CustomTextEditor.swift in Sources */ = {isa = PBXBuildFile; fileRef = 1599D22A27539F3C00A2330B /* CustomTextEditor.swift */; };
		1599D22D2753A60500A2330B /* VoteViewModel.swift in Sources */ = {isa = PBXBuildFile; fileRef = 1599D22C2753A60500A2330B /* VoteViewModel.swift */; };
		1599D22F275B716000A2330B /* CandidatsViewModel.swift in Sources */ = {isa = PBXBuildFile; fileRef = 1599D22E275B716000A2330B /* CandidatsViewModel.swift */; };
		1599D231275B717800A2330B /* StatsViewModel.swift in Sources */ = {isa = PBXBuildFile; fileRef = 1599D230275B717800A2330B /* StatsViewModel.swift */; };
		1599D233275B71C600A2330B /* VoteRepository.swift in Sources */ = {isa = PBXBuildFile; fileRef = 1599D232275B71C600A2330B /* VoteRepository.swift */; };
		1599D235275B71DB00A2330B /* CandidatsRepository.swift in Sources */ = {isa = PBXBuildFile; fileRef = 1599D234275B71DB00A2330B /* CandidatsRepository.swift */; };
		1599D237275B71F200A2330B /* StatsRepository.swift in Sources */ = {isa = PBXBuildFile; fileRef = 1599D236275B71F200A2330B /* StatsRepository.swift */; };
		159F5B19274052560056DC17 /* electionTPApp.swift in Sources */ = {isa = PBXBuildFile; fileRef = 159F5B18274052560056DC17 /* electionTPApp.swift */; };
		159F5B1B274052570056DC17 /* ContentView.swift in Sources */ = {isa = PBXBuildFile; fileRef = 159F5B1A274052570056DC17 /* ContentView.swift */; };
		159F5B1D274052580056DC17 /* Assets.xcassets in Resources */ = {isa = PBXBuildFile; fileRef = 159F5B1C274052580056DC17 /* Assets.xcassets */; };
		159F5B20274052580056DC17 /* Preview Assets.xcassets in Resources */ = {isa = PBXBuildFile; fileRef = 159F5B1F274052580056DC17 /* Preview Assets.xcassets */; };
/* End PBXBuildFile section */

/* Begin PBXFileReference section */
		1599D22127539D7700A2330B /* VoteView.swift */ = {isa = PBXFileReference; lastKnownFileType = sourcecode.swift; path = VoteView.swift; sourceTree = "<group>"; };
		1599D22327539DE200A2330B /* TabRootView.swift */ = {isa = PBXFileReference; lastKnownFileType = sourcecode.swift; path = TabRootView.swift; sourceTree = "<group>"; };
		1599D22527539E8200A2330B /* CandidatsView.swift */ = {isa = PBXFileReference; lastKnownFileType = sourcecode.swift; path = CandidatsView.swift; sourceTree = "<group>"; };
		1599D22727539EBA00A2330B /* StatsView.swift */ = {isa = PBXFileReference; lastKnownFileType = sourcecode.swift; path = StatsView.swift; sourceTree = "<group>"; };
		1599D22A27539F3C00A2330B /* CustomTextEditor.swift */ = {isa = PBXFileReference; lastKnownFileType = sourcecode.swift; path = CustomTextEditor.swift; sourceTree = "<group>"; };
		1599D22C2753A60500A2330B /* VoteViewModel.swift */ = {isa = PBXFileReference; lastKnownFileType = sourcecode.swift; path = VoteViewModel.swift; sourceTree = "<group>"; };
		1599D22E275B716000A2330B /* CandidatsViewModel.swift */ = {isa = PBXFileReference; lastKnownFileType = sourcecode.swift; path = CandidatsViewModel.swift; sourceTree = "<group>"; };
		1599D230275B717800A2330B /* StatsViewModel.swift */ = {isa = PBXFileReference; lastKnownFileType = sourcecode.swift; path = StatsViewModel.swift; sourceTree = "<group>"; };
		1599D232275B71C600A2330B /* VoteRepository.swift */ = {isa = PBXFileReference; lastKnownFileType = sourcecode.swift; path = VoteRepository.swift; sourceTree = "<group>"; };
		1599D234275B71DB00A2330B /* CandidatsRepository.swift */ = {isa = PBXFileReference; lastKnownFileType = sourcecode.swift; path = CandidatsRepository.swift; sourceTree = "<group>"; };
		1599D236275B71F200A2330B /* StatsRepository.swift */ = {isa = PBXFileReference; lastKnownFileType = sourcecode.swift; path = StatsRepository.swift; sourceTree = "<group>"; };
		159F5B15274052560056DC17 /* electionTP.app */ = {isa = PBXFileReference; explicitFileType = wrapper.application; includeInIndex = 0; path = electionTP.app; sourceTree = BUILT_PRODUCTS_DIR; };
		159F5B18274052560056DC17 /* electionTPApp.swift */ = {isa = PBXFileReference; lastKnownFileType = sourcecode.swift; path = electionTPApp.swift; sourceTree = "<group>"; };
		159F5B1A274052570056DC17 /* ContentView.swift */ = {isa = PBXFileReference; lastKnownFileType = sourcecode.swift; path = ContentView.swift; sourceTree = "<group>"; };
		159F5B1C274052580056DC17 /* Assets.xcassets */ = {isa = PBXFileReference; lastKnownFileType = folder.assetcatalog; path = Assets.xcassets; sourceTree = "<group>"; };
		159F5B1F274052580056DC17 /* Preview Assets.xcassets */ = {isa = PBXFileReference; lastKnownFileType = folder.assetcatalog; path = "Preview Assets.xcassets"; sourceTree = "<group>"; };
/* End PBXFileReference section */

/* Begin PBXFrameworksBuildPhase section */
		159F5B12274052560056DC17 /* Frameworks */ = {
			isa = PBXFrameworksBuildPhase;
			buildActionMask = 2147483647;
			files = (
				1599D21D2752F23800A2330B /* StockCharts in Frameworks */,
				1599D2152752ED1900A2330B /* Algorithms in Frameworks */,
			);
			runOnlyForDeploymentPostprocessing = 0;
		};
/* End PBXFrameworksBuildPhase section */

/* Begin PBXGroup section */
		1599D21E27539CEA00A2330B /* Views */ = {
			isa = PBXGroup;
			children = (
				1599D22927539EF800A2330B /* SharedComponents */,
				1599D22127539D7700A2330B /* VoteView.swift */,
				1599D22327539DE200A2330B /* TabRootView.swift */,
				1599D22527539E8200A2330B /* CandidatsView.swift */,
				1599D22727539EBA00A2330B /* StatsView.swift */,
			);
			path = Views;
			sourceTree = "<group>";
		};
		1599D21F27539D0400A2330B /* ViewModels */ = {
			isa = PBXGroup;
			children = (
				1599D22C2753A60500A2330B /* VoteViewModel.swift */,
				1599D22E275B716000A2330B /* CandidatsViewModel.swift */,
				1599D230275B717800A2330B /* StatsViewModel.swift */,
			);
			path = ViewModels;
			sourceTree = "<group>";
		};
		1599D22027539D2200A2330B /* Repositories */ = {
			isa = PBXGroup;
			children = (
				1599D232275B71C600A2330B /* VoteRepository.swift */,
				1599D234275B71DB00A2330B /* CandidatsRepository.swift */,
				1599D236275B71F200A2330B /* StatsRepository.swift */,
			);
			path = Repositories;
			sourceTree = "<group>";
		};
		1599D22927539EF800A2330B /* SharedComponents */ = {
			isa = PBXGroup;
			children = (
				1599D22A27539F3C00A2330B /* CustomTextEditor.swift */,
			);
			path = SharedComponents;
			sourceTree = "<group>";
		};
		159F5B0C274052560056DC17 = {
			isa = PBXGroup;
			children = (
				159F5B17274052560056DC17 /* electionTP */,
				159F5B16274052560056DC17 /* Products */,
			);
			sourceTree = "<group>";
		};
		159F5B16274052560056DC17 /* Products */ = {
			isa = PBXGroup;
			children = (
				159F5B15274052560056DC17 /* electionTP.app */,
			);
			name = Products;
			sourceTree = "<group>";
		};
		159F5B17274052560056DC17 /* electionTP */ = {
			isa = PBXGroup;
			children = (
				1599D22027539D2200A2330B /* Repositories */,
				1599D21F27539D0400A2330B /* ViewModels */,
				1599D21E27539CEA00A2330B /* Views */,
				159F5B18274052560056DC17 /* electionTPApp.swift */,
				159F5B1A274052570056DC17 /* ContentView.swift */,
				159F5B1C274052580056DC17 /* Assets.xcassets */,
				159F5B1E274052580056DC17 /* Preview Content */,
			);
			path = electionTP;
			sourceTree = "<group>";
		};
		159F5B1E274052580056DC17 /* Preview Content */ = {
			isa = PBXGroup;
			children = (
				159F5B1F274052580056DC17 /* Preview Assets.xcassets */,
			);
			path = "Preview Content";
			sourceTree = "<group>";
		};
/* End PBXGroup section */

/* Begin PBXNativeTarget section */
		159F5B14274052560056DC17 /* electionTP */ = {
			isa = PBXNativeTarget;
			buildConfigurationList = 159F5B23274052580056DC17 /* Build configuration list for PBXNativeTarget "electionTP" */;
			buildPhases = (
				159F5B11274052560056DC17 /* Sources */,
				159F5B12274052560056DC17 /* Frameworks */,
				159F5B13274052560056DC17 /* Resources */,
			);
			buildRules = (
			);
			dependencies = (
			);
			name = electionTP;
			packageProductDependencies = (
				1599D2142752ED1900A2330B /* Algorithms */,
				1599D21C2752F23800A2330B /* StockCharts */,
			);
			productName = electionTP;
			productReference = 159F5B15274052560056DC17 /* electionTP.app */;
			productType = "com.apple.product-type.application";
		};
/* End PBXNativeTarget section */

/* Begin PBXProject section */
		159F5B0D274052560056DC17 /* Project object */ = {
			isa = PBXProject;
			attributes = {
				BuildIndependentTargetsInParallel = 1;
				LastSwiftUpdateCheck = 1300;
				LastUpgradeCheck = 1300;
				TargetAttributes = {
					159F5B14274052560056DC17 = {
						CreatedOnToolsVersion = 13.0;
					};
				};
			};
			buildConfigurationList = 159F5B10274052560056DC17 /* Build configuration list for PBXProject "electionTP" */;
			compatibilityVersion = "Xcode 13.0";
			developmentRegion = en;
			hasScannedForEncodings = 0;
			knownRegions = (
				en,
				Base,
			);
			mainGroup = 159F5B0C274052560056DC17;
			packageReferences = (
				1599D2132752ED1900A2330B /* XCRemoteSwiftPackageReference "swift-algorithms" */,
				1599D21B2752F23800A2330B /* XCRemoteSwiftPackageReference "stock-charts" */,
			);
			productRefGroup = 159F5B16274052560056DC17 /* Products */;
			projectDirPath = "";
			projectRoot = "";
			targets = (
				159F5B14274052560056DC17 /* electionTP */,
			);
		};
/* End PBXProject section */

/* Begin PBXResourcesBuildPhase section */
		159F5B13274052560056DC17 /* Resources */ = {
			isa = PBXResourcesBuildPhase;
			buildActionMask = 2147483647;
			files = (
				159F5B20274052580056DC17 /* Preview Assets.xcassets in Resources */,
				159F5B1D274052580056DC17 /* Assets.xcassets in Resources */,
			);
			runOnlyForDeploymentPostprocessing = 0;
		};
/* End PBXResourcesBuildPhase section */

/* Begin PBXSourcesBuildPhase section */
		159F5B11274052560056DC17 /* Sources */ = {
			isa = PBXSourcesBuildPhase;
			buildActionMask = 2147483647;
			files = (
				1599D231275B717800A2330B /* StatsViewModel.swift in Sources */,
				1599D22F275B716000A2330B /* CandidatsViewModel.swift in Sources */,
				1599D22D2753A60500A2330B /* VoteViewModel.swift in Sources */,
				1599D235275B71DB00A2330B /* CandidatsRepository.swift in Sources */,
				159F5B1B274052570056DC17 /* ContentView.swift in Sources */,
				1599D233275B71C600A2330B /* VoteRepository.swift in Sources */,
				1599D22227539D7700A2330B /* VoteView.swift in Sources */,
				1599D22B27539F3C00A2330B /* CustomTextEditor.swift in Sources */,
				1599D22827539EBA00A2330B /* StatsView.swift in Sources */,
				1599D22427539DE200A2330B /* TabRootView.swift in Sources */,
				159F5B19274052560056DC17 /* electionTPApp.swift in Sources */,
				1599D22627539E8200A2330B /* CandidatsView.swift in Sources */,
				1599D237275B71F200A2330B /* StatsRepository.swift in Sources */,
			);
			runOnlyForDeploymentPostprocessing = 0;
		};
/* End PBXSourcesBuildPhase section */

/* Begin XCBuildConfiguration section */
		159F5B21274052580056DC17 /* Debug */ = {
			isa = XCBuildConfiguration;
			buildSettings = {
				ALWAYS_SEARCH_USER_PATHS = NO;
				CLANG_ANALYZER_NONNULL = YES;
				CLANG_ANALYZER_NUMBER_OBJECT_CONVERSION = YES_AGGRESSIVE;
				CLANG_CXX_LANGUAGE_STANDARD = "gnu++14";
				CLANG_CXX_LIBRARY = "libc++";
				CLANG_ENABLE_MODULES = YES;
				CLANG_ENABLE_OBJC_ARC = YES;
				CLANG_ENABLE_OBJC_WEAK = YES;
				CLANG_WARN_BLOCK_CAPTURE_AUTORELEASING = YES;
				CLANG_WARN_BOOL_CONVERSION = YES;
				CLANG_WARN_COMMA = YES;
				CLANG_WARN_CONSTANT_CONVERSION = YES;
				CLANG_WARN_DEPRECATED_OBJC_IMPLEMENTATIONS = YES;
				CLANG_WARN_DIRECT_OBJC_ISA_USAGE = YES_ERROR;
				CLANG_WARN_DOCUMENTATION_COMMENTS = YES;
				CLANG_WARN_EMPTY_BODY = YES;
				CLANG_WARN_ENUM_CONVERSION = YES;
				CLANG_WARN_INFINITE_RECURSION = YES;
				CLANG_WARN_INT_CONVERSION = YES;
				CLANG_WARN_NON_LITERAL_NULL_CONVERSION = YES;
				CLANG_WARN_OBJC_IMPLICIT_RETAIN_SELF = YES;
				CLANG_WARN_OBJC_LITERAL_CONVERSION = YES;
				CLANG_WARN_OBJC_ROOT_CLASS = YES_ERROR;
				CLANG_WARN_QUOTED_INCLUDE_IN_FRAMEWORK_HEADER = YES;
				CLANG_WARN_RANGE_LOOP_ANALYSIS = YES;
				CLANG_WARN_STRICT_PROTOTYPES = YES;
				CLANG_WARN_SUSPICIOUS_MOVE = YES;
				CLANG_WARN_UNGUARDED_AVAILABILITY = YES_AGGRESSIVE;
				CLANG_WARN_UNREACHABLE_CODE = YES;
				CLANG_WARN__DUPLICATE_METHOD_MATCH = YES;
				COPY_PHASE_STRIP = NO;
				DEBUG_INFORMATION_FORMAT = dwarf;
				ENABLE_STRICT_OBJC_MSGSEND = YES;
				ENABLE_TESTABILITY = YES;
				GCC_C_LANGUAGE_STANDARD = gnu11;
				GCC_DYNAMIC_NO_PIC = NO;
				GCC_NO_COMMON_BLOCKS = YES;
				GCC_OPTIMIZATION_LEVEL = 0;
				GCC_PREPROCESSOR_DEFINITIONS = (
					"DEBUG=1",
					"$(inherited)",
				);
				GCC_WARN_64_TO_32_BIT_CONVERSION = YES;
				GCC_WARN_ABOUT_RETURN_TYPE = YES_ERROR;
				GCC_WARN_UNDECLARED_SELECTOR = YES;
				GCC_WARN_UNINITIALIZED_AUTOS = YES_AGGRESSIVE;
				GCC_WARN_UNUSED_FUNCTION = YES;
				GCC_WARN_UNUSED_VARIABLE = YES;
				IPHONEOS_DEPLOYMENT_TARGET = 15.0;
				MTL_ENABLE_DEBUG_INFO = INCLUDE_SOURCE;
				MTL_FAST_MATH = YES;
				ONLY_ACTIVE_ARCH = YES;
				SDKROOT = iphoneos;
				SWIFT_ACTIVE_COMPILATION_CONDITIONS = DEBUG;
				SWIFT_OPTIMIZATION_LEVEL = "-Onone";
			};
			name = Debug;
		};
		159F5B22274052580056DC17 /* Release */ = {
			isa = XCBuildConfiguration;
			buildSettings = {
				ALWAYS_SEARCH_USER_PATHS = NO;
				CLANG_ANALYZER_NONNULL = YES;
				CLANG_ANALYZER_NUMBER_OBJECT_CONVERSION = YES_AGGRESSIVE;
				CLANG_CXX_LANGUAGE_STANDARD = "gnu++14";
				CLANG_CXX_LIBRARY = "libc++";
				CLANG_ENABLE_MODULES = YES;
				CLANG_ENABLE_OBJC_ARC = YES;
				CLANG_ENABLE_OBJC_WEAK = YES;
				CLANG_WARN_BLOCK_CAPTURE_AUTORELEASING = YES;
				CLANG_WARN_BOOL_CONVERSION = YES;
				CLANG_WARN_COMMA = YES;
				CLANG_WARN_CONSTANT_CONVERSION = YES;
				CLANG_WARN_DEPRECATED_OBJC_IMPLEMENTATIONS = YES;
				CLANG_WARN_DIRECT_OBJC_ISA_USAGE = YES_ERROR;
				CLANG_WARN_DOCUMENTATION_COMMENTS = YES;
				CLANG_WARN_EMPTY_BODY = YES;
				CLANG_WARN_ENUM_CONVERSION = YES;
				CLANG_WARN_INFINITE_RECURSION = YES;
				CLANG_WARN_INT_CONVERSION = YES;
				CLANG_WARN_NON_LITERAL_NULL_CONVERSION = YES;
				CLANG_WARN_OBJC_IMPLICIT_RETAIN_SELF = YES;
				CLANG_WARN_OBJC_LITERAL_CONVERSION = YES;
				CLANG_WARN_OBJC_ROOT_CLASS = YES_ERROR;
				CLANG_WARN_QUOTED_INCLUDE_IN_FRAMEWORK_HEADER = YES;
				CLANG_WARN_RANGE_LOOP_ANALYSIS = YES;
				CLANG_WARN_STRICT_PROTOTYPES = YES;
				CLANG_WARN_SUSPICIOUS_MOVE = YES;
				CLANG_WARN_UNGUARDED_AVAILABILITY = YES_AGGRESSIVE;
				CLANG_WARN_UNREACHABLE_CODE = YES;
				CLANG_WARN__DUPLICATE_METHOD_MATCH = YES;
				COPY_PHASE_STRIP = NO;
				DEBUG_INFORMATION_FORMAT = "dwarf-with-dsym";
				ENABLE_NS_ASSERTIONS = NO;
				ENABLE_STRICT_OBJC_MSGSEND = YES;
				GCC_C_LANGUAGE_STANDARD = gnu11;
				GCC_NO_COMMON_BLOCKS = YES;
				GCC_WARN_64_TO_32_BIT_CONVERSION = YES;
				GCC_WARN_ABOUT_RETURN_TYPE = YES_ERROR;
				GCC_WARN_UNDECLARED_SELECTOR = YES;
				GCC_WARN_UNINITIALIZED_AUTOS = YES_AGGRESSIVE;
				GCC_WARN_UNUSED_FUNCTION = YES;
				GCC_WARN_UNUSED_VARIABLE = YES;
				IPHONEOS_DEPLOYMENT_TARGET = 15.0;
				MTL_ENABLE_DEBUG_INFO = NO;
				MTL_FAST_MATH = YES;
				SDKROOT = iphoneos;
				SWIFT_COMPILATION_MODE = wholemodule;
				SWIFT_OPTIMIZATION_LEVEL = "-O";
				VALIDATE_PRODUCT = YES;
			};
			name = Release;
		};
		159F5B24274052580056DC17 /* Debug */ = {
			isa = XCBuildConfiguration;
			buildSettings = {
				ASSETCATALOG_COMPILER_APPICON_NAME = AppIcon;
				ASSETCATALOG_COMPILER_GLOBAL_ACCENT_COLOR_NAME = AccentColor;
				CODE_SIGN_STYLE = Automatic;
				CURRENT_PROJECT_VERSION = 1;
				DEVELOPMENT_ASSET_PATHS = "\"electionTP/Preview Content\"";
				DEVELOPMENT_TEAM = 6GT48H2N7Q;
				ENABLE_PREVIEWS = YES;
				GENERATE_INFOPLIST_FILE = YES;
				INFOPLIST_KEY_UIApplicationSceneManifest_Generation = YES;
				INFOPLIST_KEY_UIApplicationSupportsIndirectInputEvents = YES;
				INFOPLIST_KEY_UILaunchScreen_Generation = YES;
				INFOPLIST_KEY_UISupportedInterfaceOrientations_iPad = "UIInterfaceOrientationPortrait UIInterfaceOrientationPortraitUpsideDown UIInterfaceOrientationLandscapeLeft UIInterfaceOrientationLandscapeRight";
				INFOPLIST_KEY_UISupportedInterfaceOrientations_iPhone = "UIInterfaceOrientationPortrait UIInterfaceOrientationLandscapeLeft UIInterfaceOrientationLandscapeRight";
				IPHONEOS_DEPLOYMENT_TARGET = 14.0;
				LD_RUNPATH_SEARCH_PATHS = (
					"$(inherited)",
					"@executable_path/Frameworks",
				);
				MARKETING_VERSION = 1.0;
				PRODUCT_BUNDLE_IDENTIFIER = fr.rkharsa.electionTP;
				PRODUCT_NAME = "$(TARGET_NAME)";
				SWIFT_EMIT_LOC_STRINGS = YES;
				SWIFT_VERSION = 5.0;
				TARGETED_DEVICE_FAMILY = "1,2";
			};
			name = Debug;
		};
		159F5B25274052580056DC17 /* Release */ = {
			isa = XCBuildConfiguration;
			buildSettings = {
				ASSETCATALOG_COMPILER_APPICON_NAME = AppIcon;
				ASSETCATALOG_COMPILER_GLOBAL_ACCENT_COLOR_NAME = AccentColor;
				CODE_SIGN_STYLE = Automatic;
				CURRENT_PROJECT_VERSION = 1;
				DEVELOPMENT_ASSET_PATHS = "\"electionTP/Preview Content\"";
				DEVELOPMENT_TEAM = 6GT48H2N7Q;
				ENABLE_PREVIEWS = YES;
				GENERATE_INFOPLIST_FILE = YES;
				INFOPLIST_KEY_UIApplicationSceneManifest_Generation = YES;
				INFOPLIST_KEY_UIApplicationSupportsIndirectInputEvents = YES;
				INFOPLIST_KEY_UILaunchScreen_Generation = YES;
				INFOPLIST_KEY_UISupportedInterfaceOrientations_iPad = "UIInterfaceOrientationPortrait UIInterfaceOrientationPortraitUpsideDown UIInterfaceOrientationLandscapeLeft UIInterfaceOrientationLandscapeRight";
				INFOPLIST_KEY_UISupportedInterfaceOrientations_iPhone = "UIInterfaceOrientationPortrait UIInterfaceOrientationLandscapeLeft UIInterfaceOrientationLandscapeRight";
				IPHONEOS_DEPLOYMENT_TARGET = 14.0;
				LD_RUNPATH_SEARCH_PATHS = (
					"$(inherited)",
					"@executable_path/Frameworks",
				);
				MARKETING_VERSION = 1.0;
				PRODUCT_BUNDLE_IDENTIFIER = fr.rkharsa.electionTP;
				PRODUCT_NAME = "$(TARGET_NAME)";
				SWIFT_EMIT_LOC_STRINGS = YES;
				SWIFT_VERSION = 5.0;
				TARGETED_DEVICE_FAMILY = "1,2";
			};
			name = Release;
		};
/* End XCBuildConfiguration section */

/* Begin XCConfigurationList section */
		159F5B10274052560056DC17 /* Build configuration list for PBXProject "electionTP" */ = {
			isa = XCConfigurationList;
			buildConfigurations = (
				159F5B21274052580056DC17 /* Debug */,
				159F5B22274052580056DC17 /* Release */,
			);
			defaultConfigurationIsVisible = 0;
			defaultConfigurationName = Release;
		};
		159F5B23274052580056DC17 /* Build configuration list for PBXNativeTarget "electionTP" */ = {
			isa = XCConfigurationList;
			buildConfigurations = (
				159F5B24274052580056DC17 /* Debug */,
				159F5B25274052580056DC17 /* Release */,
			);
			defaultConfigurationIsVisible = 0;
			defaultConfigurationName = Release;
		};
/* End XCConfigurationList section */

/* Begin XCRemoteSwiftPackageReference section */
		1599D2132752ED1900A2330B /* XCRemoteSwiftPackageReference "swift-algorithms" */ = {
			isa = XCRemoteSwiftPackageReference;
			repositoryURL = "https://github.com/apple/swift-algorithms.git";
			requirement = {
				kind = upToNextMajorVersion;
				minimumVersion = 0.2.1;
			};
		};
		1599D21B2752F23800A2330B /* XCRemoteSwiftPackageReference "stock-charts" */ = {
			isa = XCRemoteSwiftPackageReference;
			repositoryURL = "https://github.com/denniscm190/stock-charts.git";
			requirement = {
				kind = upToNextMajorVersion;
				minimumVersion = 1.0.0;
			};
		};
/* End XCRemoteSwiftPackageReference section */

/* Begin XCSwiftPackageProductDependency section */
		1599D2142752ED1900A2330B /* Algorithms */ = {
			isa = XCSwiftPackageProductDependency;
			package = 1599D2132752ED1900A2330B /* XCRemoteSwiftPackageReference "swift-algorithms" */;
			productName = Algorithms;
		};
		1599D21C2752F23800A2330B /* StockCharts */ = {
			isa = XCSwiftPackageProductDependency;
			package = 1599D21B2752F23800A2330B /* XCRemoteSwiftPackageReference "stock-charts" */;
			productName = StockCharts;
		};
/* End XCSwiftPackageProductDependency section */
	};
	rootObject = 159F5B0D274052560056DC17 /* Project object */;
}
